// !$*UTF8*$!
{
	archiveVersion = 1;
	classes = {
	};
	objectVersion = 50;
	objects = {

/* Begin PBXBuildFile section */
		7468D56D24307A2100FD8B6A /* AppDelegate.swift in Sources */ = {isa = PBXBuildFile; fileRef = 7468D56C24307A2100FD8B6A /* AppDelegate.swift */; };
		7468D56F24307A2100FD8B6A /* SceneDelegate.swift in Sources */ = {isa = PBXBuildFile; fileRef = 7468D56E24307A2100FD8B6A /* SceneDelegate.swift */; };
		7468D57124307A2100FD8B6A /* ContentView.swift in Sources */ = {isa = PBXBuildFile; fileRef = 7468D57024307A2100FD8B6A /* ContentView.swift */; };
		7468D57324307A2200FD8B6A /* Assets.xcassets in Resources */ = {isa = PBXBuildFile; fileRef = 7468D57224307A2200FD8B6A /* Assets.xcassets */; };
		7468D57624307A2200FD8B6A /* Preview Assets.xcassets in Resources */ = {isa = PBXBuildFile; fileRef = 7468D57524307A2200FD8B6A /* Preview Assets.xcassets */; };
		7468D57924307A2200FD8B6A /* LaunchScreen.storyboard in Resources */ = {isa = PBXBuildFile; fileRef = 7468D57724307A2200FD8B6A /* LaunchScreen.storyboard */; };
		7468D58124307A3C00FD8B6A /* CustomSheet.swift in Sources */ = {isa = PBXBuildFile; fileRef = 7468D58024307A3C00FD8B6A /* CustomSheet.swift */; };
		7468D58424307A7000FD8B6A /* ImagePicker.swift in Sources */ = {isa = PBXBuildFile; fileRef = 7468D58324307A7000FD8B6A /* ImagePicker.swift */; };
		7468D58624307A8C00FD8B6A /* ProgressView.swift in Sources */ = {isa = PBXBuildFile; fileRef = 7468D58524307A8C00FD8B6A /* ProgressView.swift */; };
		7468D58A24307AC000FD8B6A /* ImageFilter.swift in Sources */ = {isa = PBXBuildFile; fileRef = 7468D58924307AC000FD8B6A /* ImageFilter.swift */; };
		7468D58D24307AF100FD8B6A /* ImageFilterViewModel.swift in Sources */ = {isa = PBXBuildFile; fileRef = 7468D58C24307AF100FD8B6A /* ImageFilterViewModel.swift */; };
		7468D59024307B4100FD8B6A /* FilteredImageView.swift in Sources */ = {isa = PBXBuildFile; fileRef = 7468D58F24307B4100FD8B6A /* FilteredImageView.swift */; };
/* End PBXBuildFile section */

/* Begin PBXFileReference section */
		7468D56924307A2100FD8B6A /* ImageFilter SwiftUI.app */ = {isa = PBXFileReference; explicitFileType = wrapper.application; includeInIndex = 0; path = "ImageFilter SwiftUI.app"; sourceTree = BUILT_PRODUCTS_DIR; };
		7468D56C24307A2100FD8B6A /* AppDelegate.swift */ = {isa = PBXFileReference; lastKnownFileType = sourcecode.swift; path = AppDelegate.swift; sourceTree = "<group>"; };
		7468D56E24307A2100FD8B6A /* SceneDelegate.swift */ = {isa = PBXFileReference; lastKnownFileType = sourcecode.swift; path = SceneDelegate.swift; sourceTree = "<group>"; };
		7468D57024307A2100FD8B6A /* ContentView.swift */ = {isa = PBXFileReference; lastKnownFileType = sourcecode.swift; path = ContentView.swift; sourceTree = "<group>"; };
		7468D57224307A2200FD8B6A /* Assets.xcassets */ = {isa = PBXFileReference; lastKnownFileType = folder.assetcatalog; path = Assets.xcassets; sourceTree = "<group>"; };
		7468D57524307A2200FD8B6A /* Preview Assets.xcassets */ = {isa = PBXFileReference; lastKnownFileType = folder.assetcatalog; path = "Preview Assets.xcassets"; sourceTree = "<group>"; };
		7468D57824307A2200FD8B6A /* Base */ = {isa = PBXFileReference; lastKnownFileType = file.storyboard; name = Base; path = Base.lproj/LaunchScreen.storyboard; sourceTree = "<group>"; };
		7468D57A24307A2200FD8B6A /* Info.plist */ = {isa = PBXFileReference; lastKnownFileType = text.plist.xml; path = Info.plist; sourceTree = "<group>"; };
		7468D58024307A3C00FD8B6A /* CustomSheet.swift */ = {isa = PBXFileReference; lastKnownFileType = sourcecode.swift; path = CustomSheet.swift; sourceTree = "<group>"; };
		7468D58324307A7000FD8B6A /* ImagePicker.swift */ = {isa = PBXFileReference; lastKnownFileType = sourcecode.swift; path = ImagePicker.swift; sourceTree = "<group>"; };
		7468D58524307A8C00FD8B6A /* ProgressView.swift */ = {isa = PBXFileReference; lastKnownFileType = sourcecode.swift; path = ProgressView.swift; sourceTree = "<group>"; };
		7468D58924307AC000FD8B6A /* ImageFilter.swift */ = {isa = PBXFileReference; lastKnownFileType = sourcecode.swift; path = ImageFilter.swift; sourceTree = "<group>"; };
		7468D58C24307AF100FD8B6A /* ImageFilterViewModel.swift */ = {isa = PBXFileReference; lastKnownFileType = sourcecode.swift; path = ImageFilterViewModel.swift; sourceTree = "<group>"; };
		7468D58F24307B4100FD8B6A /* FilteredImageView.swift */ = {isa = PBXFileReference; lastKnownFileType = sourcecode.swift; path = FilteredImageView.swift; sourceTree = "<group>"; };
/* End PBXFileReference section */

/* Begin PBXFrameworksBuildPhase section */
		7468D56624307A2100FD8B6A /* Frameworks */ = {
			isa = PBXFrameworksBuildPhase;
			buildActionMask = 2147483647;
			files = (
			);
			runOnlyForDeploymentPostprocessing = 0;
		};
/* End PBXFrameworksBuildPhase section */

/* Begin PBXGroup section */
		7468D56024307A2100FD8B6A = {
			isa = PBXGroup;
			children = (
				7468D56B24307A2100FD8B6A /* ImageFilter SwiftUI */,
				7468D56A24307A2100FD8B6A /* Products */,
			);
			sourceTree = "<group>";
		};
		7468D56A24307A2100FD8B6A /* Products */ = {
			isa = PBXGroup;
			children = (
				7468D56924307A2100FD8B6A /* ImageFilter SwiftUI.app */,
			);
			name = Products;
			sourceTree = "<group>";
		};
		7468D56B24307A2100FD8B6A /* ImageFilter SwiftUI */ = {
			isa = PBXGroup;
			children = (
				7468D56C24307A2100FD8B6A /* AppDelegate.swift */,
				7468D56E24307A2100FD8B6A /* SceneDelegate.swift */,
				7468D58724307A9600FD8B6A /* UIKit */,
				7468D58B24307ACA00FD8B6A /* Model */,
				7468D58224307A4E00FD8B6A /* Modifier */,
				7468D58824307AA300FD8B6A /* View */,
				7468D58E24307AFE00FD8B6A /* ViewModel */,
				7468D57224307A2200FD8B6A /* Assets.xcassets */,
				7468D57724307A2200FD8B6A /* LaunchScreen.storyboard */,
				7468D57A24307A2200FD8B6A /* Info.plist */,
				7468D57424307A2200FD8B6A /* Preview Content */,
			);
			path = "ImageFilter SwiftUI";
			sourceTree = "<group>";
		};
		7468D57424307A2200FD8B6A /* Preview Content */ = {
			isa = PBXGroup;
			children = (
				7468D57524307A2200FD8B6A /* Preview Assets.xcassets */,
			);
			path = "Preview Content";
			sourceTree = "<group>";
		};
		7468D58224307A4E00FD8B6A /* Modifier */ = {
			isa = PBXGroup;
			children = (
				7468D58024307A3C00FD8B6A /* CustomSheet.swift */,
			);
			path = Modifier;
			sourceTree = "<group>";
		};
		7468D58724307A9600FD8B6A /* UIKit */ = {
			isa = PBXGroup;
			children = (
				7468D58324307A7000FD8B6A /* ImagePicker.swift */,
				7468D58524307A8C00FD8B6A /* ProgressView.swift */,
			);
			path = UIKit;
			sourceTree = "<group>";
		};
		7468D58824307AA300FD8B6A /* View */ = {
			isa = PBXGroup;
			children = (
				7468D57024307A2100FD8B6A /* ContentView.swift */,
				7468D58F24307B4100FD8B6A /* FilteredImageView.swift */,
			);
			path = View;
			sourceTree = "<group>";
		};
		7468D58B24307ACA00FD8B6A /* Model */ = {
			isa = PBXGroup;
			children = (
				7468D58924307AC000FD8B6A /* ImageFilter.swift */,
			);
			path = Model;
			sourceTree = "<group>";
		};
		7468D58E24307AFE00FD8B6A /* ViewModel */ = {
			isa = PBXGroup;
			children = (
				7468D58C24307AF100FD8B6A /* ImageFilterViewModel.swift */,
			);
			path = ViewModel;
			sourceTree = "<group>";
		};
/* End PBXGroup section */

/* Begin PBXNativeTarget section */
		7468D56824307A2100FD8B6A /* ImageFilter SwiftUI */ = {
			isa = PBXNativeTarget;
			buildConfigurationList = 7468D57D24307A2200FD8B6A /* Build configuration list for PBXNativeTarget "ImageFilter SwiftUI" */;
			buildPhases = (
				7468D56524307A2100FD8B6A /* Sources */,
				7468D56624307A2100FD8B6A /* Frameworks */,
				7468D56724307A2100FD8B6A /* Resources */,
			);
			buildRules = (
			);
			dependencies = (
			);
			name = "ImageFilter SwiftUI";
			productName = "ImageFilter SwiftUI";
			productReference = 7468D56924307A2100FD8B6A /* ImageFilter SwiftUI.app */;
			productType = "com.apple.product-type.application";
		};
/* End PBXNativeTarget section */

/* Begin PBXProject section */
		7468D56124307A2100FD8B6A /* Project object */ = {
			isa = PBXProject;
			attributes = {
				LastSwiftUpdateCheck = 1140;
				LastUpgradeCheck = 1140;
				ORGANIZATIONNAME = "Dmitry Novosyolov";
				TargetAttributes = {
					7468D56824307A2100FD8B6A = {
						CreatedOnToolsVersion = 11.4;
					};
				};
			};
			buildConfigurationList = 7468D56424307A2100FD8B6A /* Build configuration list for PBXProject "ImageFilter SwiftUI" */;
			compatibilityVersion = "Xcode 9.3";
			developmentRegion = en;
			hasScannedForEncodings = 0;
			knownRegions = (
				en,
				Base,
			);
			mainGroup = 7468D56024307A2100FD8B6A;
			productRefGroup = 7468D56A24307A2100FD8B6A /* Products */;
			projectDirPath = "";
			projectRoot = "";
			targets = (
				7468D56824307A2100FD8B6A /* ImageFilter SwiftUI */,
			);
		};
/* End PBXProject section */

/* Begin PBXResourcesBuildPhase section */
		7468D56724307A2100FD8B6A /* Resources */ = {
			isa = PBXResourcesBuildPhase;
			buildActionMask = 2147483647;
			files = (
				7468D57924307A2200FD8B6A /* LaunchScreen.storyboard in Resources */,
				7468D57624307A2200FD8B6A /* Preview Assets.xcassets in Resources */,
				7468D57324307A2200FD8B6A /* Assets.xcassets in Resources */,
			);
			runOnlyForDeploymentPostprocessing = 0;
		};
/* End PBXResourcesBuildPhase section */

/* Begin PBXSourcesBuildPhase section */
		7468D56524307A2100FD8B6A /* Sources */ = {
			isa = PBXSourcesBuildPhase;
			buildActionMask = 2147483647;
			files = (
				7468D58124307A3C00FD8B6A /* CustomSheet.swift in Sources */,
				7468D56D24307A2100FD8B6A /* AppDelegate.swift in Sources */,
				7468D59024307B4100FD8B6A /* FilteredImageView.swift in Sources */,
				7468D58D24307AF100FD8B6A /* ImageFilterViewModel.swift in Sources */,
				7468D58424307A7000FD8B6A /* ImagePicker.swift in Sources */,
				7468D56F24307A2100FD8B6A /* SceneDelegate.swift in Sources */,
				7468D57124307A2100FD8B6A /* ContentView.swift in Sources */,
				7468D58624307A8C00FD8B6A /* ProgressView.swift in Sources */,
				7468D58A24307AC000FD8B6A /* ImageFilter.swift in Sources */,
			);
			runOnlyForDeploymentPostprocessing = 0;
		};
/* End PBXSourcesBuildPhase section */

/* Begin PBXVariantGroup section */
		7468D57724307A2200FD8B6A /* LaunchScreen.storyboard */ = {
			isa = PBXVariantGroup;
			children = (
				7468D57824307A2200FD8B6A /* Base */,
			);
			name = LaunchScreen.storyboard;
			sourceTree = "<group>";
		};
/* End PBXVariantGroup section */

/* Begin XCBuildConfiguration section */
		7468D57B24307A2200FD8B6A /* Debug */ = {
			isa = XCBuildConfiguration;
			buildSettings = {
				ALWAYS_SEARCH_USER_PATHS = NO;
				CLANG_ANALYZER_NONNULL = YES;
				CLANG_ANALYZER_NUMBER_OBJECT_CONVERSION = YES_AGGRESSIVE;
				CLANG_CXX_LANGUAGE_STANDARD = "gnu++14";
				CLANG_CXX_LIBRARY = "libc++";
				CLANG_ENABLE_MODULES = YES;
				CLANG_ENABLE_OBJC_ARC = YES;
				CLANG_ENABLE_OBJC_WEAK = YES;
				CLANG_WARN_BLOCK_CAPTURE_AUTORELEASING = YES;
				CLANG_WARN_BOOL_CONVERSION = YES;
				CLANG_WARN_COMMA = YES;
				CLANG_WARN_CONSTANT_CONVERSION = YES;
				CLANG_WARN_DEPRECATED_OBJC_IMPLEMENTATIONS = YES;
				CLANG_WARN_DIRECT_OBJC_ISA_USAGE = YES_ERROR;
				CLANG_WARN_DOCUMENTATION_COMMENTS = YES;
				CLANG_WARN_EMPTY_BODY = YES;
				CLANG_WARN_ENUM_CONVERSION = YES;
				CLANG_WARN_INFINITE_RECURSION = YES;
				CLANG_WARN_INT_CONVERSION = YES;
				CLANG_WARN_NON_LITERAL_NULL_CONVERSION = YES;
				CLANG_WARN_OBJC_IMPLICIT_RETAIN_SELF = YES;
				CLANG_WARN_OBJC_LITERAL_CONVERSION = YES;
				CLANG_WARN_OBJC_ROOT_CLASS = YES_ERROR;
				CLANG_WARN_RANGE_LOOP_ANALYSIS = YES;
				CLANG_WARN_STRICT_PROTOTYPES = YES;
				CLANG_WARN_SUSPICIOUS_MOVE = YES;
				CLANG_WARN_UNGUARDED_AVAILABILITY = YES_AGGRESSIVE;
				CLANG_WARN_UNREACHABLE_CODE = YES;
				CLANG_WARN__DUPLICATE_METHOD_MATCH = YES;
				COPY_PHASE_STRIP = NO;
				DEBUG_INFORMATION_FORMAT = dwarf;
				ENABLE_STRICT_OBJC_MSGSEND = YES;
				ENABLE_TESTABILITY = YES;
				GCC_C_LANGUAGE_STANDARD = gnu11;
				GCC_DYNAMIC_NO_PIC = NO;
				GCC_NO_COMMON_BLOCKS = YES;
				GCC_OPTIMIZATION_LEVEL = 0;
				GCC_PREPROCESSOR_DEFINITIONS = (
					"DEBUG=1",
					"$(inherited)",
				);
				GCC_WARN_64_TO_32_BIT_CONVERSION = YES;
				GCC_WARN_ABOUT_RETURN_TYPE = YES_ERROR;
				GCC_WARN_UNDECLARED_SELECTOR = YES;
				GCC_WARN_UNINITIALIZED_AUTOS = YES_AGGRESSIVE;
				GCC_WARN_UNUSED_FUNCTION = YES;
				GCC_WARN_UNUSED_VARIABLE = YES;
				IPHONEOS_DEPLOYMENT_TARGET = 13.4;
				MTL_ENABLE_DEBUG_INFO = INCLUDE_SOURCE;
				MTL_FAST_MATH = YES;
				ONLY_ACTIVE_ARCH = YES;
				SDKROOT = iphoneos;
				SWIFT_ACTIVE_COMPILATION_CONDITIONS = DEBUG;
				SWIFT_OPTIMIZATION_LEVEL = "-Onone";
			};
			name = Debug;
		};
		7468D57C24307A2200FD8B6A /* Release */ = {
			isa = XCBuildConfiguration;
			buildSettings = {
				ALWAYS_SEARCH_USER_PATHS = NO;
				CLANG_ANALYZER_NONNULL = YES;
				CLANG_ANALYZER_NUMBER_OBJECT_CONVERSION = YES_AGGRESSIVE;
				CLANG_CXX_LANGUAGE_STANDARD = "gnu++14";
				CLANG_CXX_LIBRARY = "libc++";
				CLANG_ENABLE_MODULES = YES;
				CLANG_ENABLE_OBJC_ARC = YES;
				CLANG_ENABLE_OBJC_WEAK = YES;
				CLANG_WARN_BLOCK_CAPTURE_AUTORELEASING = YES;
				CLANG_WARN_BOOL_CONVERSION = YES;
				CLANG_WARN_COMMA = YES;
				CLANG_WARN_CONSTANT_CONVERSION = YES;
				CLANG_WARN_DEPRECATED_OBJC_IMPLEMENTATIONS = YES;
				CLANG_WARN_DIRECT_OBJC_ISA_USAGE = YES_ERROR;
				CLANG_WARN_DOCUMENTATION_COMMENTS = YES;
				CLANG_WARN_EMPTY_BODY = YES;
				CLANG_WARN_ENUM_CONVERSION = YES;
				CLANG_WARN_INFINITE_RECURSION = YES;
				CLANG_WARN_INT_CONVERSION = YES;
				CLANG_WARN_NON_LITERAL_NULL_CONVERSION = YES;
				CLANG_WARN_OBJC_IMPLICIT_RETAIN_SELF = YES;
				CLANG_WARN_OBJC_LITERAL_CONVERSION = YES;
				CLANG_WARN_OBJC_ROOT_CLASS = YES_ERROR;
				CLANG_WARN_RANGE_LOOP_ANALYSIS = YES;
				CLANG_WARN_STRICT_PROTOTYPES = YES;
				CLANG_WARN_SUSPICIOUS_MOVE = YES;
				CLANG_WARN_UNGUARDED_AVAILABILITY = YES_AGGRESSIVE;
				CLANG_WARN_UNREACHABLE_CODE = YES;
				CLANG_WARN__DUPLICATE_METHOD_MATCH = YES;
				COPY_PHASE_STRIP = NO;
				DEBUG_INFORMATION_FORMAT = "dwarf-with-dsym";
				ENABLE_NS_ASSERTIONS = NO;
				ENABLE_STRICT_OBJC_MSGSEND = YES;
				GCC_C_LANGUAGE_STANDARD = gnu11;
				GCC_NO_COMMON_BLOCKS = YES;
				GCC_WARN_64_TO_32_BIT_CONVERSION = YES;
				GCC_WARN_ABOUT_RETURN_TYPE = YES_ERROR;
				GCC_WARN_UNDECLARED_SELECTOR = YES;
				GCC_WARN_UNINITIALIZED_AUTOS = YES_AGGRESSIVE;
				GCC_WARN_UNUSED_FUNCTION = YES;
				GCC_WARN_UNUSED_VARIABLE = YES;
				IPHONEOS_DEPLOYMENT_TARGET = 13.4;
				MTL_ENABLE_DEBUG_INFO = NO;
				MTL_FAST_MATH = YES;
				SDKROOT = iphoneos;
				SWIFT_COMPILATION_MODE = wholemodule;
				SWIFT_OPTIMIZATION_LEVEL = "-O";
				VALIDATE_PRODUCT = YES;
			};
			name = Release;
		};
		7468D57E24307A2200FD8B6A /* Debug */ = {
			isa = XCBuildConfiguration;
			buildSettings = {
				ASSETCATALOG_COMPILER_APPICON_NAME = AppIcon;
				CODE_SIGN_STYLE = Automatic;
				DEVELOPMENT_ASSET_PATHS = "\"ImageFilter SwiftUI/Preview Content\"";
				DEVELOPMENT_TEAM = 3LF677RTA3;
				ENABLE_PREVIEWS = YES;
				INFOPLIST_FILE = "ImageFilter SwiftUI/Info.plist";
				LD_RUNPATH_SEARCH_PATHS = (
					"$(inherited)",
					"@executable_path/Frameworks",
				);
				PRODUCT_BUNDLE_IDENTIFIER = "com.dimNovo.ImageFilter-SwiftUI";
				PRODUCT_NAME = "$(TARGET_NAME)";
				SWIFT_VERSION = 5.0;
				TARGETED_DEVICE_FAMILY = "1,2";
			};
			name = Debug;
		};
		7468D57F24307A2200FD8B6A /* Release */ = {
			isa = XCBuildConfiguration;
			buildSettings = {
				ASSETCATALOG_COMPILER_APPICON_NAME = AppIcon;
				CODE_SIGN_STYLE = Automatic;
				DEVELOPMENT_ASSET_PATHS = "\"ImageFilter SwiftUI/Preview Content\"";
				DEVELOPMENT_TEAM = 3LF677RTA3;
				ENABLE_PREVIEWS = YES;
				INFOPLIST_FILE = "ImageFilter SwiftUI/Info.plist";
				LD_RUNPATH_SEARCH_PATHS = (
					"$(inherited)",
					"@executable_path/Frameworks",
				);
				PRODUCT_BUNDLE_IDENTIFIER = "com.dimNovo.ImageFilter-SwiftUI";
				PRODUCT_NAME = "$(TARGET_NAME)";
				SWIFT_VERSION = 5.0;
				TARGETED_DEVICE_FAMILY = "1,2";
			};
			name = Release;
		};
/* End XCBuildConfiguration section */

/* Begin XCConfigurationList section */
		7468D56424307A2100FD8B6A /* Build configuration list for PBXProject "ImageFilter SwiftUI" */ = {
			isa = XCConfigurationList;
			buildConfigurations = (
				7468D57B24307A2200FD8B6A /* Debug */,
				7468D57C24307A2200FD8B6A /* Release */,
			);
			defaultConfigurationIsVisible = 0;
			defaultConfigurationName = Release;
		};
		7468D57D24307A2200FD8B6A /* Build configuration list for PBXNativeTarget "ImageFilter SwiftUI" */ = {
			isa = XCConfigurationList;
			buildConfigurations = (
				7468D57E24307A2200FD8B6A /* Debug */,
				7468D57F24307A2200FD8B6A /* Release */,
			);
			defaultConfigurationIsVisible = 0;
			defaultConfigurationName = Release;
		};
/* End XCConfigurationList section */
	};
	rootObject = 7468D56124307A2100FD8B6A /* Project object */;
}
